
Microsoft Visual Studio Solution File, Format Version 12.00
# Visual Studio 14
VisualStudioVersion = 14.0.25420.1
MinimumVisualStudioVersion = 10.0.40219.1
Project("{FAE04EC0-301F-11D3-BF4B-00C04F79EFBC}") = "CartoonOnline", "CartoonOnline\CartoonOnline.csproj", "{310199AE-073D-41F8-B910-DC74F12F13FB}"
EndProject
Project("{FAE04EC0-301F-11D3-BF4B-00C04F79EFBC}") = "CartoonOnline.Tests", "CartoonOnline.Tests\CartoonOnline.Tests.csproj", "{7D4E503D-AD1C-4762-ACAC-08DA799AC050}"
EndProject
Global
	GlobalSection(SolutionConfigurationPlatforms) = preSolution
		Debug|Any CPU = Debug|Any CPU
		Release|Any CPU = Release|Any CPU
	EndGlobalSection
	GlobalSection(ProjectConfigurationPlatforms) = postSolution
		{310199AE-073D-41F8-B910-DC74F12F13FB}.Debug|Any CPU.ActiveCfg = Debug|Any CPU
		{310199AE-073D-41F8-B910-DC74F12F13FB}.Debug|Any CPU.Build.0 = Debug|Any CPU
		{310199AE-073D-41F8-B910-DC74F12F13FB}.Release|Any CPU.ActiveCfg = Release|Any CPU
		{310199AE-073D-41F8-B910-DC74F12F13FB}.Release|Any CPU.Build.0 = Release|Any CPU
		{7D4E503D-AD1C-4762-ACAC-08DA799AC050}.Debug|Any CPU.ActiveCfg = Debug|Any CPU
		{7D4E503D-AD1C-4762-ACAC-08DA799AC050}.Debug|Any CPU.Build.0 = Debug|Any CPU
		{7D4E503D-AD1C-4762-ACAC-08DA799AC050}.Release|Any CPU.ActiveCfg = Release|Any CPU
		{7D4E503D-AD1C-4762-ACAC-08DA799AC050}.Release|Any CPU.Build.0 = Release|Any CPU
	EndGlobalSection
	GlobalSection(SolutionProperties) = preSolution
		HideSolutionNode = FALSE
	EndGlobalSection
EndGlobal
